
Microsoft Visual Studio Solution File, Format Version 12.00
# Visual Studio Version 17
VisualStudioVersion = 17.11.35327.3
MinimumVisualStudioVersion = 10.0.40219.1
Project("{FAE04EC0-301F-11D3-BF4B-00C04F79EFBC}") = "EventAndDelegates", "EventAndDelegates\EventAndDelegates.csproj", "{81AAA44F-B433-41C7-88CC-57BEDA3D6363}"
EndProject
Global
	GlobalSection(SolutionConfigurationPlatforms) = preSolution
		Debug|Any CPU = Debug|Any CPU
		Release|Any CPU = Release|Any CPU
	EndGlobalSection
	GlobalSection(ProjectConfigurationPlatforms) = postSolution
		{81AAA44F-B433-41C7-88CC-57BEDA3D6363}.Debug|Any CPU.ActiveCfg = Debug|Any CPU
		{81AAA44F-B433-41C7-88CC-57BEDA3D6363}.Debug|Any CPU.Build.0 = Debug|Any CPU
		{81AAA44F-B433-41C7-88CC-57BEDA3D6363}.Release|Any CPU.ActiveCfg = Release|Any CPU
		{81AAA44F-B433-41C7-88CC-57BEDA3D6363}.Release|Any CPU.Build.0 = Release|Any CPU
	EndGlobalSection
	GlobalSection(SolutionProperties) = preSolution
		HideSolutionNode = FALSE
	EndGlobalSection
	GlobalSection(ExtensibilityGlobals) = postSolution
		SolutionGuid = {097A75B6-4475-4D9D-978D-C95451BE5C8F}
	EndGlobalSection
EndGlobal
